
Microsoft Visual Studio Solution File, Format Version 12.00
# Visual Studio Version 16
VisualStudioVersion = 16.0.32802.440
MinimumVisualStudioVersion = 10.0.40219.1
Project("{9A19103F-16F7-4668-BE54-9A1E7A4F7556}") = "Algorithms", "Algorithms.csproj", "{E7C440A1-32F2-4BF8-BE81-CC08654C37DB}"
EndProject
Project("{FAE04EC0-301F-11D3-BF4B-00C04F79EFBC}") = "AlgorithmsTests", "..\AlgorithmsTests\AlgorithmsTests.csproj", "{95D3EF82-B63E-4EDC-B9EE-B4C305EC478B}"
EndProject
Global
	GlobalSection(SolutionConfigurationPlatforms) = preSolution
		Debug|Any CPU = Debug|Any CPU
		Release|Any CPU = Release|Any CPU
	EndGlobalSection
	GlobalSection(ProjectConfigurationPlatforms) = postSolution
		{E7C440A1-32F2-4BF8-BE81-CC08654C37DB}.Debug|Any CPU.ActiveCfg = Debug|Any CPU
		{E7C440A1-32F2-4BF8-BE81-CC08654C37DB}.Debug|Any CPU.Build.0 = Debug|Any CPU
		{E7C440A1-32F2-4BF8-BE81-CC08654C37DB}.Release|Any CPU.ActiveCfg = Release|Any CPU
		{E7C440A1-32F2-4BF8-BE81-CC08654C37DB}.Release|Any CPU.Build.0 = Release|Any CPU
		{95D3EF82-B63E-4EDC-B9EE-B4C305EC478B}.Debug|Any CPU.ActiveCfg = Debug|Any CPU
		{95D3EF82-B63E-4EDC-B9EE-B4C305EC478B}.Debug|Any CPU.Build.0 = Debug|Any CPU
		{95D3EF82-B63E-4EDC-B9EE-B4C305EC478B}.Release|Any CPU.ActiveCfg = Release|Any CPU
		{95D3EF82-B63E-4EDC-B9EE-B4C305EC478B}.Release|Any CPU.Build.0 = Release|Any CPU
	EndGlobalSection
	GlobalSection(SolutionProperties) = preSolution
		HideSolutionNode = FALSE
	EndGlobalSection
	GlobalSection(ExtensibilityGlobals) = postSolution
		SolutionGuid = {6FDF935C-1FC2-4502-846E-E43358125D9E}
	EndGlobalSection
EndGlobal
